{
  "originHash" : "2a4a3f9cea55c9e175eb105b9d811f24223b362a73065d1927119e42d2274af9",
  "pins" : [
    {
      "identity" : "entrupy-sdk-ios",
      "kind" : "remoteSourceControl",
      "location" : "https://github.com/entrupy/entrupy-sdk-iOS.git",
      "state" : {
        "revision" : "ae2de9d53989c0fca523840a6bd02bf30b373698",
        "version" : "2.0.13"
      }
    }
  ],
  "version" : 3
}
