{
  "originHash" : "2a4a3f9cea55c9e175eb105b9d811f24223b362a73065d1927119e42d2274af9",
  "pins" : [
    {
      "identity" : "entrupy-sdk-ios",
      "kind" : "remoteSourceControl",
      "location" : "https://github.com/entrupy/entrupy-sdk-iOS.git",
      "state" : {
        "revision" : "b4b9604ef79290531ba90185afd5ea2ddb4ad92b",
        "version" : "2.3.1"
      }
    }
  ],
  "version" : 3
}
