{
  "originHash" : "2a4a3f9cea55c9e175eb105b9d811f24223b362a73065d1927119e42d2274af9",
  "pins" : [
    {
      "identity" : "entrupy-sdk-ios",
      "kind" : "remoteSourceControl",
      "location" : "https://github.com/entrupy/entrupy-sdk-iOS.git",
      "state" : {
        "revision" : "506bdaa66e59279040f212f8b73c2dd4008335b5",
        "version" : "2.3.2"
      }
    }
  ],
  "version" : 3
}
